// !$*UTF8*$!
{
	archiveVersion = 1;
	classes = {
	};
	objectVersion = 77;
	objects = {

/* Begin PBXBuildFile section */
		02A4C48BAFB91BBDFCFBCCB6 /* DecisionModelMigration.swift in Sources */ = {isa = PBXBuildFile; fileRef = 6E105BCD31E8C5D82A2F90B0 /* DecisionModelMigration.swift */; };
		04382F3AD864554DA8F206F2 /* ConditionsView.swift in Sources */ = {isa = PBXBuildFile; fileRef = 87D82B19B8B61938B2618AAE /* ConditionsView.swift */; };
		045968097BC606FA337466ED /* RentalComparisonApp.swift in Sources */ = {isa = PBXBuildFile; fileRef = 9A60F71C76654445BCD736A5 /* RentalComparisonApp.swift */; };
		0585A7730A31129965AFAD01 /* ListingEditorView.swift in Sources */ = {isa = PBXBuildFile; fileRef = 0FAEC0BD9C13D2489E489D70 /* ListingEditorView.swift */; };
		07EB2756C96CBEA63A698FEA /* ShareViewController.swift in Sources */ = {isa = PBXBuildFile; fileRef = 80B325E07D6033CE4F323A85 /* ShareViewController.swift */; };
		0D42FE0975D6D11AF7973736 /* DecisionLegacyProjection.swift in Sources */ = {isa = PBXBuildFile; fileRef = B4614FEA9C37987DC185C329 /* DecisionLegacyProjection.swift */; };
		230B21124EB167131CB89481 /* WarmDesign.swift in Sources */ = {isa = PBXBuildFile; fileRef = 49E790DDA3835D473E31F96E /* WarmDesign.swift */; };
		24D333F6A0D3E5152811EE3B /* FinalDecisionTests.swift in Sources */ = {isa = PBXBuildFile; fileRef = 2E807A87E3AC281AA0A62853 /* FinalDecisionTests.swift */; };
		25A2F25DC8B0B465709A5C13 /* ReportBuilder.swift in Sources */ = {isa = PBXBuildFile; fileRef = 01CB5A970DCA0EA5C07FD5D1 /* ReportBuilder.swift */; };
		28897A8C204092AEF19211F9 /* ComparisonView.swift in Sources */ = {isa = PBXBuildFile; fileRef = FA8D1416119ACEF8093016D5 /* ComparisonView.swift */; };
		28F7CE4DBCCC71143911A95A /* DecisionEngineTests.swift in Sources */ = {isa = PBXBuildFile; fileRef = 3250619863214D1828152FD5 /* DecisionEngineTests.swift */; };
		2BEC25F81FED5A2213016E64 /* Assets.xcassets in Resources */ = {isa = PBXBuildFile; fileRef = 70CEF88320D629861CEDC48A /* Assets.xcassets */; };
		359C7DEC535A2BD6D50A3DCF /* WorkspaceTests.swift in Sources */ = {isa = PBXBuildFile; fileRef = D2B0061EAA6573B1A05C2311 /* WorkspaceTests.swift */; };
		3849523CB1C16FF0EBE6A0A7 /* DecisionReadinessEngine.swift in Sources */ = {isa = PBXBuildFile; fileRef = 1BE4E4B4CD70D11ED694EC9B /* DecisionReadinessEngine.swift */; };
		40F3C0EE30BB4986A9865231 /* VerificationTaskEngineTests.swift in Sources */ = {isa = PBXBuildFile; fileRef = 06F1777E5EB229FA068EA224 /* VerificationTaskEngineTests.swift */; };
		4A76FD691ED11ECC8E3BDA36 /* VerificationTaskEngine.swift in Sources */ = {isa = PBXBuildFile; fileRef = D237A43C7C8F7920EBE1AE18 /* VerificationTaskEngine.swift */; };
		53B2014439F9C1FC9E85B665 /* ListingImportView.swift in Sources */ = {isa = PBXBuildFile; fileRef = 2884CEBA53D867D01B3A0406 /* ListingImportView.swift */; };
		55407D87473567DC71F82984 /* ListingInlineFieldsView.swift in Sources */ = {isa = PBXBuildFile; fileRef = B1D507F6CDF7C5401D23358D /* ListingInlineFieldsView.swift */; };
		5D0C8A3FC00174AC90B55016 /* ImportURLRouter.swift in Sources */ = {isa = PBXBuildFile; fileRef = B75A62FB4AED44EF4361885D /* ImportURLRouter.swift */; };
		5D0F36AC72FA7DA76784A5C9 /* ListingsView.swift in Sources */ = {isa = PBXBuildFile; fileRef = 4AE38A57F4BB849F42123451 /* ListingsView.swift */; };
		63280B7EA2835DCF8556DA61 /* VerificationTaskDetailView.swift in Sources */ = {isa = PBXBuildFile; fileRef = F8AD371C8339CBCF55545EFB /* VerificationTaskDetailView.swift */; };
		644ACF2B02058C8EC9F299ED /* ResultView.swift in Sources */ = {isa = PBXBuildFile; fileRef = 30F51AA364A7F1765BD0F332 /* ResultView.swift */; };
		890C485099D1D82E26FE6039 /* QuickCaptureTests.swift in Sources */ = {isa = PBXBuildFile; fileRef = D397D1F55CA75C7775A12D3F /* QuickCaptureTests.swift */; };
		8A1E42B74429B861482C51A9 /* Fixtures.swift in Sources */ = {isa = PBXBuildFile; fileRef = E793CEC747168D939A44157D /* Fixtures.swift */; };
		91D14A1C692B6E9E4B0C82B6 /* DecisionModelMigrationTests.swift in Sources */ = {isa = PBXBuildFile; fileRef = C5F8287762F282425D41A8D9 /* DecisionModelMigrationTests.swift */; };
		9401A08EF0815F3B978150EE /* AppStore.swift in Sources */ = {isa = PBXBuildFile; fileRef = 80DFA460A95EBFEE8F10B95B /* AppStore.swift */; };
		9BE975B93BC5869D27D52127 /* VerifyView.swift in Sources */ = {isa = PBXBuildFile; fileRef = 57BDF303282788C8835AA3FA /* VerifyView.swift */; };
		A308110931DF20018F342763 /* InspectionView.swift in Sources */ = {isa = PBXBuildFile; fileRef = 4485C55DBBC1A1446182AF6B /* InspectionView.swift */; };
		A3E8488C77FB8F24F1196548 /* RootView.swift in Sources */ = {isa = PBXBuildFile; fileRef = F86E02A1D310A22BD3FE6249 /* RootView.swift */; };
		AD31980CD0EBAF2CE98B5F73 /* RegionalTemplate.swift in Sources */ = {isa = PBXBuildFile; fileRef = 11D0EFD51923F5A9151E5E85 /* RegionalTemplate.swift */; };
		AE635B0A7B3D05487CA36C37 /* DecisionPersistence.swift in Sources */ = {isa = PBXBuildFile; fileRef = F2847635CDE29FA162CB880A /* DecisionPersistence.swift */; };
		B53CC155C954409108A8A41E /* DecisionEngine.swift in Sources */ = {isa = PBXBuildFile; fileRef = FF30EFDD39D4C90A7B37618A /* DecisionEngine.swift */; };
		B95111085629F410F286FF1C /* DecisionReadinessEngineTests.swift in Sources */ = {isa = PBXBuildFile; fileRef = 250B2D604C8FF14D6E6445E5 /* DecisionReadinessEngineTests.swift */; };
		BE8EEEE9B0BB7AD4734D99F3 /* QuickCaptureView.swift in Sources */ = {isa = PBXBuildFile; fileRef = F443AE82A5CE9733C8E9BD6E /* QuickCaptureView.swift */; };
		CF4CF8493A4740C2298C3E18 /* SettingsView.swift in Sources */ = {isa = PBXBuildFile; fileRef = 55BB2AA3A9AB601CDCEB5C7F /* SettingsView.swift */; };
		D175ED9EECBCC7580DC97AF6 /* DecisionLegacyProjectionTests.swift in Sources */ = {isa = PBXBuildFile; fileRef = DA1C09C66DFEED2BAB1BDE6F /* DecisionLegacyProjectionTests.swift */; };
		D5E6ADACA2D123880A007500 /* UnknownEngineTests.swift in Sources */ = {isa = PBXBuildFile; fileRef = 68D6B413072FBD79DCCA0AA2 /* UnknownEngineTests.swift */; };
		D88CD8E667F4C9FE33DAE5EB /* Localizable.strings in Resources */ = {isa = PBXBuildFile; fileRef = E3AD3F5A62060C5D5AA69523 /* Localizable.strings */; };
		E5678A88D5A146DA6B9B4222 /* ListingImageView.swift in Sources */ = {isa = PBXBuildFile; fileRef = 616280B477221429245E9C4D /* ListingImageView.swift */; };
		EF9891E9A6FB9EBA05B62A52 /* DecisionModels.swift in Sources */ = {isa = PBXBuildFile; fileRef = 64F64629542B49FDC340DDC1 /* DecisionModels.swift */; };
		F0BB5E3317E865FB70F969B3 /* RentalComparisonUITests.swift in Sources */ = {isa = PBXBuildFile; fileRef = C167F50290B75FC05E826D73 /* RentalComparisonUITests.swift */; };
		F2640E40EBCFB472D8367175 /* Rental_ComparisonShareExtension.appex in Embed Foundation Extensions */ = {isa = PBXBuildFile; fileRef = E9FAF26C1818A2918C1BE6CD /* Rental_ComparisonShareExtension.appex */; settings = {ATTRIBUTES = (RemoveHeadersOnCopy, ); }; };
		F48FBCCD696C53F3B7FA975A /* UnknownEngine.swift in Sources */ = {isa = PBXBuildFile; fileRef = C45EDAFC76BE34BE667DB3FE /* UnknownEngine.swift */; };
		F4F37B62C921A6614671FD0F /* RentalDecisionScenarioTests.swift in Sources */ = {isa = PBXBuildFile; fileRef = D83FF6B9E10FD15AE1A3EFBA /* RentalDecisionScenarioTests.swift */; };
		FE095BD1C57D307CDFB91B6E /* RegionalTemplateTests.swift in Sources */ = {isa = PBXBuildFile; fileRef = BBBE1CC4C54A59489DEFF2D4 /* RegionalTemplateTests.swift */; };
		FEED2D82F3194A5607D40EA2 /* Models.swift in Sources */ = {isa = PBXBuildFile; fileRef = 758395FDB7838D950701CAE9 /* Models.swift */; };
/* End PBXBuildFile section */

/* Begin PBXContainerItemProxy section */
		0DF7BFD64481047E8A008192 /* PBXContainerItemProxy */ = {
			isa = PBXContainerItemProxy;
			containerPortal = 34E0A453FB3BF645F7561241 /* Project object */;
			proxyType = 1;
			remoteGlobalIDString = C5B2A16BF88D02E60DB7BF76;
			remoteInfo = Rental_Comparison;
		};
		140776A5FA832B3DE7AF29A9 /* PBXContainerItemProxy */ = {
			isa = PBXContainerItemProxy;
			containerPortal = 34E0A453FB3BF645F7561241 /* Project object */;
			proxyType = 1;
			remoteGlobalIDString = 7E6838F0370F5E96BB341F41;
			remoteInfo = Rental_ComparisonShareExtension;
		};
		56CAD8AC2979B6137A214D90 /* PBXContainerItemProxy */ = {
			isa = PBXContainerItemProxy;
			containerPortal = 34E0A453FB3BF645F7561241 /* Project object */;
			proxyType = 1;
			remoteGlobalIDString = C5B2A16BF88D02E60DB7BF76;
			remoteInfo = Rental_Comparison;
		};
/* End PBXContainerItemProxy section */

/* Begin PBXCopyFilesBuildPhase section */
		43835B7BF5B65E85558EFE0C /* Embed Foundation Extensions */ = {
			isa = PBXCopyFilesBuildPhase;
			buildActionMask = 2147483647;
			dstPath = "";
			dstSubfolderSpec = 13;
			files = (
				F2640E40EBCFB472D8367175 /* Rental_ComparisonShareExtension.appex in Embed Foundation Extensions */,
			);
			name = "Embed Foundation Extensions";
			runOnlyForDeploymentPostprocessing = 0;
		};
/* End PBXCopyFilesBuildPhase section */

/* Begin PBXFileReference section */
		01CB5A970DCA0EA5C07FD5D1 /* ReportBuilder.swift */ = {isa = PBXFileReference; lastKnownFileType = sourcecode.swift; path = ReportBuilder.swift; sourceTree = "<group>"; };
		03584CE9EA9BB325ABF285F9 /* Rental_ComparisonUITests.xctest */ = {isa = PBXFileReference; explicitFileType = wrapper.cfbundle; includeInIndex = 0; path = Rental_ComparisonUITests.xctest; sourceTree = BUILT_PRODUCTS_DIR; };
		036C12FA894A6AF917C598A2 /* Info.plist */ = {isa = PBXFileReference; lastKnownFileType = text.plist; path = Info.plist; sourceTree = "<group>"; };
		06F1777E5EB229FA068EA224 /* VerificationTaskEngineTests.swift */ = {isa = PBXFileReference; lastKnownFileType = sourcecode.swift; path = VerificationTaskEngineTests.swift; sourceTree = "<group>"; };
		0FAEC0BD9C13D2489E489D70 /* ListingEditorView.swift */ = {isa = PBXFileReference; lastKnownFileType = sourcecode.swift; path = ListingEditorView.swift; sourceTree = "<group>"; };
		11D0EFD51923F5A9151E5E85 /* RegionalTemplate.swift */ = {isa = PBXFileReference; lastKnownFileType = sourcecode.swift; path = RegionalTemplate.swift; sourceTree = "<group>"; };
		17636226EEB69ACF30736B92 /* .gitkeep */ = {isa = PBXFileReference; lastKnownFileType = text; path = .gitkeep; sourceTree = "<group>"; };
		1BE4E4B4CD70D11ED694EC9B /* DecisionReadinessEngine.swift */ = {isa = PBXFileReference; lastKnownFileType = sourcecode.swift; path = DecisionReadinessEngine.swift; sourceTree = "<group>"; };
		250B2D604C8FF14D6E6445E5 /* DecisionReadinessEngineTests.swift */ = {isa = PBXFileReference; lastKnownFileType = sourcecode.swift; path = DecisionReadinessEngineTests.swift; sourceTree = "<group>"; };
		2884CEBA53D867D01B3A0406 /* ListingImportView.swift */ = {isa = PBXFileReference; lastKnownFileType = sourcecode.swift; path = ListingImportView.swift; sourceTree = "<group>"; };
		2E807A87E3AC281AA0A62853 /* FinalDecisionTests.swift */ = {isa = PBXFileReference; lastKnownFileType = sourcecode.swift; path = FinalDecisionTests.swift; sourceTree = "<group>"; };
		30F51AA364A7F1765BD0F332 /* ResultView.swift */ = {isa = PBXFileReference; lastKnownFileType = sourcecode.swift; path = ResultView.swift; sourceTree = "<group>"; };
		3250619863214D1828152FD5 /* DecisionEngineTests.swift */ = {isa = PBXFileReference; lastKnownFileType = sourcecode.swift; path = DecisionEngineTests.swift; sourceTree = "<group>"; };
		4485C55DBBC1A1446182AF6B /* InspectionView.swift */ = {isa = PBXFileReference; lastKnownFileType = sourcecode.swift; path = InspectionView.swift; sourceTree = "<group>"; };
		49E790DDA3835D473E31F96E /* WarmDesign.swift */ = {isa = PBXFileReference; lastKnownFileType = sourcecode.swift; path = WarmDesign.swift; sourceTree = "<group>"; };
		4AE38A57F4BB849F42123451 /* ListingsView.swift */ = {isa = PBXFileReference; lastKnownFileType = sourcecode.swift; path = ListingsView.swift; sourceTree = "<group>"; };
		53A074F0ADB068C8D254EF53 /* zh-Hans */ = {isa = PBXFileReference; lastKnownFileType = text.plist.strings; name = "zh-Hans"; path = "zh-Hans.lproj/Localizable.strings"; sourceTree = "<group>"; };
		55BB2AA3A9AB601CDCEB5C7F /* SettingsView.swift */ = {isa = PBXFileReference; lastKnownFileType = sourcecode.swift; path = SettingsView.swift; sourceTree = "<group>"; };
		57BDF303282788C8835AA3FA /* VerifyView.swift */ = {isa = PBXFileReference; lastKnownFileType = sourcecode.swift; path = VerifyView.swift; sourceTree = "<group>"; };
		616280B477221429245E9C4D /* ListingImageView.swift */ = {isa = PBXFileReference; lastKnownFileType = sourcecode.swift; path = ListingImageView.swift; sourceTree = "<group>"; };
		64F64629542B49FDC340DDC1 /* DecisionModels.swift */ = {isa = PBXFileReference; lastKnownFileType = sourcecode.swift; path = DecisionModels.swift; sourceTree = "<group>"; };
		68D6B413072FBD79DCCA0AA2 /* UnknownEngineTests.swift */ = {isa = PBXFileReference; lastKnownFileType = sourcecode.swift; path = UnknownEngineTests.swift; sourceTree = "<group>"; };
		6DFFB719EF1FAD07F66FACE4 /* Rental_Comparison.app */ = {isa = PBXFileReference; explicitFileType = wrapper.application; includeInIndex = 0; path = Rental_Comparison.app; sourceTree = BUILT_PRODUCTS_DIR; };
		6E105BCD31E8C5D82A2F90B0 /* DecisionModelMigration.swift */ = {isa = PBXFileReference; lastKnownFileType = sourcecode.swift; path = DecisionModelMigration.swift; sourceTree = "<group>"; };
		70CEF88320D629861CEDC48A /* Assets.xcassets */ = {isa = PBXFileReference; lastKnownFileType = folder.assetcatalog; path = Assets.xcassets; sourceTree = "<group>"; };
		758395FDB7838D950701CAE9 /* Models.swift */ = {isa = PBXFileReference; lastKnownFileType = sourcecode.swift; path = Models.swift; sourceTree = "<group>"; };
		80B325E07D6033CE4F323A85 /* ShareViewController.swift */ = {isa = PBXFileReference; lastKnownFileType = sourcecode.swift; path = ShareViewController.swift; sourceTree = "<group>"; };
		80DFA460A95EBFEE8F10B95B /* AppStore.swift */ = {isa = PBXFileReference; lastKnownFileType = sourcecode.swift; path = AppStore.swift; sourceTree = "<group>"; };
		87D82B19B8B61938B2618AAE /* ConditionsView.swift */ = {isa = PBXFileReference; lastKnownFileType = sourcecode.swift; path = ConditionsView.swift; sourceTree = "<group>"; };
		9A60F71C76654445BCD736A5 /* RentalComparisonApp.swift */ = {isa = PBXFileReference; lastKnownFileType = sourcecode.swift; path = RentalComparisonApp.swift; sourceTree = "<group>"; };
		A12E4C9C70EA93F0FC957A89 /* Rental_ComparisonTests.xctest */ = {isa = PBXFileReference; includeInIndex = 0; lastKnownFileType = wrapper.cfbundle; path = Rental_ComparisonTests.xctest; sourceTree = BUILT_PRODUCTS_DIR; };
		AC730BA4DF841695403BA278 /* .gitkeep */ = {isa = PBXFileReference; path = .gitkeep; sourceTree = "<group>"; };
		B0E739F4D4773BA3E596A913 /* zh-Hant */ = {isa = PBXFileReference; lastKnownFileType = text.plist.strings; name = "zh-Hant"; path = "zh-Hant.lproj/Localizable.strings"; sourceTree = "<group>"; };
		B1D507F6CDF7C5401D23358D /* ListingInlineFieldsView.swift */ = {isa = PBXFileReference; lastKnownFileType = sourcecode.swift; path = ListingInlineFieldsView.swift; sourceTree = "<group>"; };
		B4614FEA9C37987DC185C329 /* DecisionLegacyProjection.swift */ = {isa = PBXFileReference; lastKnownFileType = sourcecode.swift; path = DecisionLegacyProjection.swift; sourceTree = "<group>"; };
		B75A62FB4AED44EF4361885D /* ImportURLRouter.swift */ = {isa = PBXFileReference; lastKnownFileType = sourcecode.swift; path = ImportURLRouter.swift; sourceTree = "<group>"; };
		BBBE1CC4C54A59489DEFF2D4 /* RegionalTemplateTests.swift */ = {isa = PBXFileReference; lastKnownFileType = sourcecode.swift; path = RegionalTemplateTests.swift; sourceTree = "<group>"; };
		BFF94945A20F5F6DA76798DA /* ListingImport.swift */ = {isa = PBXFileReference; lastKnownFileType = sourcecode.swift; path = ListingImport.swift; sourceTree = "<group>"; };
		C167F50290B75FC05E826D73 /* RentalComparisonUITests.swift */ = {isa = PBXFileReference; lastKnownFileType = sourcecode.swift; path = RentalComparisonUITests.swift; sourceTree = "<group>"; };
		C396420233CBCB9B83639E54 /* ja */ = {isa = PBXFileReference; lastKnownFileType = text.plist.strings; name = ja; path = ja.lproj/Localizable.strings; sourceTree = "<group>"; };
		C45EDAFC76BE34BE667DB3FE /* UnknownEngine.swift */ = {isa = PBXFileReference; lastKnownFileType = sourcecode.swift; path = UnknownEngine.swift; sourceTree = "<group>"; };
		C5F8287762F282425D41A8D9 /* DecisionModelMigrationTests.swift */ = {isa = PBXFileReference; lastKnownFileType = sourcecode.swift; path = DecisionModelMigrationTests.swift; sourceTree = "<group>"; };
		D237A43C7C8F7920EBE1AE18 /* VerificationTaskEngine.swift */ = {isa = PBXFileReference; lastKnownFileType = sourcecode.swift; path = VerificationTaskEngine.swift; sourceTree = "<group>"; };
		D24CE7D32775747910208871 /* en */ = {isa = PBXFileReference; lastKnownFileType = text.plist.strings; name = en; path = en.lproj/Localizable.strings; sourceTree = "<group>"; };
		D2B0061EAA6573B1A05C2311 /* WorkspaceTests.swift */ = {isa = PBXFileReference; lastKnownFileType = sourcecode.swift; path = WorkspaceTests.swift; sourceTree = "<group>"; };
		D397D1F55CA75C7775A12D3F /* QuickCaptureTests.swift */ = {isa = PBXFileReference; lastKnownFileType = sourcecode.swift; path = QuickCaptureTests.swift; sourceTree = "<group>"; };
		D83FF6B9E10FD15AE1A3EFBA /* RentalDecisionScenarioTests.swift */ = {isa = PBXFileReference; lastKnownFileType = sourcecode.swift; path = RentalDecisionScenarioTests.swift; sourceTree = "<group>"; };
		DA1C09C66DFEED2BAB1BDE6F /* DecisionLegacyProjectionTests.swift */ = {isa = PBXFileReference; lastKnownFileType = sourcecode.swift; path = DecisionLegacyProjectionTests.swift; sourceTree = "<group>"; };
		E793CEC747168D939A44157D /* Fixtures.swift */ = {isa = PBXFileReference; lastKnownFileType = sourcecode.swift; path = Fixtures.swift; sourceTree = "<group>"; };
		E9FAF26C1818A2918C1BE6CD /* Rental_ComparisonShareExtension.appex */ = {isa = PBXFileReference; explicitFileType = "wrapper.app-extension"; includeInIndex = 0; path = Rental_ComparisonShareExtension.appex; sourceTree = BUILT_PRODUCTS_DIR; };
		F2847635CDE29FA162CB880A /* DecisionPersistence.swift */ = {isa = PBXFileReference; lastKnownFileType = sourcecode.swift; path = DecisionPersistence.swift; sourceTree = "<group>"; };
		F443AE82A5CE9733C8E9BD6E /* QuickCaptureView.swift */ = {isa = PBXFileReference; lastKnownFileType = sourcecode.swift; path = QuickCaptureView.swift; sourceTree = "<group>"; };
		F4D61C5D4AE5CEECBA5341E5 /* ListingImportTests.swift */ = {isa = PBXFileReference; lastKnownFileType = sourcecode.swift; path = ListingImportTests.swift; sourceTree = "<group>"; };
		F86E02A1D310A22BD3FE6249 /* RootView.swift */ = {isa = PBXFileReference; lastKnownFileType = sourcecode.swift; path = RootView.swift; sourceTree = "<group>"; };
		F8AD371C8339CBCF55545EFB /* VerificationTaskDetailView.swift */ = {isa = PBXFileReference; lastKnownFileType = sourcecode.swift; path = VerificationTaskDetailView.swift; sourceTree = "<group>"; };
		FA8D1416119ACEF8093016D5 /* ComparisonView.swift */ = {isa = PBXFileReference; lastKnownFileType = sourcecode.swift; path = ComparisonView.swift; sourceTree = "<group>"; };
		FF30EFDD39D4C90A7B37618A /* DecisionEngine.swift */ = {isa = PBXFileReference; lastKnownFileType = sourcecode.swift; path = DecisionEngine.swift; sourceTree = "<group>"; };
/* End PBXFileReference section */

/* Begin PBXGroup section */
		0161576D1FE67E5C10BC7329 /* Rental_ComparisonUITests */ = {
			isa = PBXGroup;
			children = (
				AC730BA4DF841695403BA278 /* .gitkeep */,
				C167F50290B75FC05E826D73 /* RentalComparisonUITests.swift */,
			);
			path = Rental_ComparisonUITests;
			sourceTree = "<group>";
		};
		0BE097483CE902EB87A6F793 /* Rental_ComparisonShareExtension */ = {
			isa = PBXGroup;
			children = (
				036C12FA894A6AF917C598A2 /* Info.plist */,
				80B325E07D6033CE4F323A85 /* ShareViewController.swift */,
			);
			path = Rental_ComparisonShareExtension;
			sourceTree = "<group>";
		};
		1947ECBE43E1FB343BFA21E2 /* Rental_Comparison */ = {
			isa = PBXGroup;
			children = (
				80DFA460A95EBFEE8F10B95B /* AppStore.swift */,
				70CEF88320D629861CEDC48A /* Assets.xcassets */,
				FA8D1416119ACEF8093016D5 /* ComparisonView.swift */,
				87D82B19B8B61938B2618AAE /* ConditionsView.swift */,
				FF30EFDD39D4C90A7B37618A /* DecisionEngine.swift */,
				B4614FEA9C37987DC185C329 /* DecisionLegacyProjection.swift */,
				6E105BCD31E8C5D82A2F90B0 /* DecisionModelMigration.swift */,
				64F64629542B49FDC340DDC1 /* DecisionModels.swift */,
				F2847635CDE29FA162CB880A /* DecisionPersistence.swift */,
				1BE4E4B4CD70D11ED694EC9B /* DecisionReadinessEngine.swift */,
				E793CEC747168D939A44157D /* Fixtures.swift */,
				B75A62FB4AED44EF4361885D /* ImportURLRouter.swift */,
				DF30C2E5977EF32325349DE3 /* Info.plist */,
				4485C55DBBC1A1446182AF6B /* InspectionView.swift */,
				0FAEC0BD9C13D2489E489D70 /* ListingEditorView.swift */,
				616280B477221429245E9C4D /* ListingImageView.swift */,
				BFF94945A20F5F6DA76798DA /* ListingImport.swift */,
				2884CEBA53D867D01B3A0406 /* ListingImportView.swift */,
				B1D507F6CDF7C5401D23358D /* ListingInlineFieldsView.swift */,
				4AE38A57F4BB849F42123451 /* ListingsView.swift */,
				758395FDB7838D950701CAE9 /* Models.swift */,
				F443AE82A5CE9733C8E9BD6E /* QuickCaptureView.swift */,
				11D0EFD51923F5A9151E5E85 /* RegionalTemplate.swift */,
				9A60F71C76654445BCD736A5 /* RentalComparisonApp.swift */,
				01CB5A970DCA0EA5C07FD5D1 /* ReportBuilder.swift */,
				30F51AA364A7F1765BD0F332 /* ResultView.swift */,
				F86E02A1D310A22BD3FE6249 /* RootView.swift */,
				55BB2AA3A9AB601CDCEB5C7F /* SettingsView.swift */,
				C45EDAFC76BE34BE667DB3FE /* UnknownEngine.swift */,
				F8AD371C8339CBCF55545EFB /* VerificationTaskDetailView.swift */,
				D237A43C7C8F7920EBE1AE18 /* VerificationTaskEngine.swift */,
				57BDF303282788C8835AA3FA /* VerifyView.swift */,
				49E790DDA3835D473E31F96E /* WarmDesign.swift */,
				762825FC252592B630FFF2E0 /* Resources */,
			);
			path = Rental_Comparison;
			sourceTree = "<group>";
		};
		5BEAF2D3FE50EF5025CDD196 /* Rental_ComparisonTests */ = {
			isa = PBXGroup;
			children = (
				17636226EEB69ACF30736B92 /* .gitkeep */,
				3250619863214D1828152FD5 /* DecisionEngineTests.swift */,
				DA1C09C66DFEED2BAB1BDE6F /* DecisionLegacyProjectionTests.swift */,
				C5F8287762F282425D41A8D9 /* DecisionModelMigrationTests.swift */,
				250B2D604C8FF14D6E6445E5 /* DecisionReadinessEngineTests.swift */,
				2E807A87E3AC281AA0A62853 /* FinalDecisionTests.swift */,
				F4D61C5D4AE5CEECBA5341E5 /* ListingImportTests.swift */,
				D397D1F55CA75C7775A12D3F /* QuickCaptureTests.swift */,
				BBBE1CC4C54A59489DEFF2D4 /* RegionalTemplateTests.swift */,
				D83FF6B9E10FD15AE1A3EFBA /* RentalDecisionScenarioTests.swift */,
				68D6B413072FBD79DCCA0AA2 /* UnknownEngineTests.swift */,
				06F1777E5EB229FA068EA224 /* VerificationTaskEngineTests.swift */,
				D2B0061EAA6573B1A05C2311 /* WorkspaceTests.swift */,
			);
			path = Rental_ComparisonTests;
			sourceTree = "<group>";
		};
		762825FC252592B630FFF2E0 /* Resources */ = {
			isa = PBXGroup;
			children = (
				E3AD3F5A62060C5D5AA69523 /* Localizable.strings */,
			);
			path = Resources;
			sourceTree = "<group>";
		};
		A48F245DC7888223B44821AF = {
			isa = PBXGroup;
			children = (
				1947ECBE43E1FB343BFA21E2 /* Rental_Comparison */,
				0BE097483CE902EB87A6F793 /* Rental_ComparisonShareExtension */,
				5BEAF2D3FE50EF5025CDD196 /* Rental_ComparisonTests */,
				0161576D1FE67E5C10BC7329 /* Rental_ComparisonUITests */,
				E09F3FF10571433454C97DDF /* Products */,
			);
			sourceTree = "<group>";
		};
		E09F3FF10571433454C97DDF /* Products */ = {
			isa = PBXGroup;
			children = (
				6DFFB719EF1FAD07F66FACE4 /* Rental_Comparison.app */,
				E9FAF26C1818A2918C1BE6CD /* Rental_ComparisonShareExtension.appex */,
				A12E4C9C70EA93F0FC957A89 /* Rental_ComparisonTests.xctest */,
				03584CE9EA9BB325ABF285F9 /* Rental_ComparisonUITests.xctest */,
			);
			name = Products;
			sourceTree = "<group>";
		};
/* End PBXGroup section */

/* Begin PBXNativeTarget section */
		5429B09E0006A7B41C99930E /* Rental_ComparisonTests */ = {
			isa = PBXNativeTarget;
			buildConfigurationList = C2983C4F8FD678860C31BA4B /* Build configuration list for PBXNativeTarget "Rental_ComparisonTests" */;
			buildPhases = (
				5651C8D4EB212AAF1289051B /* Sources */,
			);
			buildRules = (
			);
			dependencies = (
				AF681E8851A230B71325A258 /* PBXTargetDependency */,
			);
			name = Rental_ComparisonTests;
			packageProductDependencies = (
			);
			productName = Rental_ComparisonTests;
			productReference = A12E4C9C70EA93F0FC957A89 /* Rental_ComparisonTests.xctest */;
			productType = "com.apple.product-type.bundle.unit-test";
		};
		7E6838F0370F5E96BB341F41 /* Rental_ComparisonShareExtension */ = {
			isa = PBXNativeTarget;
			buildConfigurationList = 555EA83D8F34A3948A3FA942 /* Build configuration list for PBXNativeTarget "Rental_ComparisonShareExtension" */;
			buildPhases = (
				5971D47364EA5534DE673A5A /* Sources */,
			);
			buildRules = (
			);
			dependencies = (
			);
			name = Rental_ComparisonShareExtension;
			packageProductDependencies = (
			);
			productName = Rental_ComparisonShareExtension;
			productReference = E9FAF26C1818A2918C1BE6CD /* Rental_ComparisonShareExtension.appex */;
			productType = "com.apple.product-type.app-extension";
		};
		9519FDA28C7A42185F053FF0 /* Rental_ComparisonUITests */ = {
			isa = PBXNativeTarget;
			buildConfigurationList = 9C32FA02E32F0940FA1BA0EC /* Build configuration list for PBXNativeTarget "Rental_ComparisonUITests" */;
			buildPhases = (
				AA8CA71DAB208EE3AA271539 /* Sources */,
			);
			buildRules = (
			);
			dependencies = (
				E53CFDB104C35F37D9451074 /* PBXTargetDependency */,
			);
			name = Rental_ComparisonUITests;
			packageProductDependencies = (
			);
			productName = Rental_ComparisonUITests;
			productReference = 03584CE9EA9BB325ABF285F9 /* Rental_ComparisonUITests.xctest */;
			productType = "com.apple.product-type.bundle.ui-testing";
		};
		C5B2A16BF88D02E60DB7BF76 /* Rental_Comparison */ = {
			isa = PBXNativeTarget;
			buildConfigurationList = E674A0763154896D8DB6A3AD /* Build configuration list for PBXNativeTarget "Rental_Comparison" */;
			buildPhases = (
				85B1E044AFE7E8CB2359C863 /* Sources */,
				A316F94593E4C674BE36043A /* Resources */,
				43835B7BF5B65E85558EFE0C /* Embed Foundation Extensions */,
			);
			buildRules = (
			);
			dependencies = (
				DF7D008FCDFCAE271727E2CE /* PBXTargetDependency */,
			);
			name = Rental_Comparison;
			packageProductDependencies = (
			);
			productName = Rental_Comparison;
			productReference = 6DFFB719EF1FAD07F66FACE4 /* Rental_Comparison.app */;
			productType = "com.apple.product-type.application";
		};
/* End PBXNativeTarget section */

/* Begin PBXProject section */
		34E0A453FB3BF645F7561241 /* Project object */ = {
			isa = PBXProject;
			attributes = {
				BuildIndependentTargetsInParallel = YES;
				LastUpgradeCheck = 1600;
				TargetAttributes = {
					9519FDA28C7A42185F053FF0 = {
						TestTargetID = C5B2A16BF88D02E60DB7BF76;
					};
				};
			};
			buildConfigurationList = 664A7E8005C1D95DCA66EB82 /* Build configuration list for PBXProject "Rental_Comparison" */;
			developmentRegion = en;
			hasScannedForEncodings = 0;
			knownRegions = (
				Base,
				en,
				ja,
				"zh-Hans",
				"zh-Hant",
			);
			mainGroup = A48F245DC7888223B44821AF;
			minimizedProjectReferenceProxies = 1;
			preferredProjectObjectVersion = 77;
			productRefGroup = E09F3FF10571433454C97DDF /* Products */;
			projectDirPath = "";
			projectRoot = "";
			targets = (
				C5B2A16BF88D02E60DB7BF76 /* Rental_Comparison */,
				7E6838F0370F5E96BB341F41 /* Rental_ComparisonShareExtension */,
				5429B09E0006A7B41C99930E /* Rental_ComparisonTests */,
				9519FDA28C7A42185F053FF0 /* Rental_ComparisonUITests */,
			);
		};
/* End PBXProject section */

/* Begin PBXResourcesBuildPhase section */
		A316F94593E4C674BE36043A /* Resources */ = {
			isa = PBXResourcesBuildPhase;
			buildActionMask = 2147483647;
			files = (
				2BEC25F81FED5A2213016E64 /* Assets.xcassets in Resources */,
				D88CD8E667F4C9FE33DAE5EB /* Localizable.strings in Resources */,
			);
			runOnlyForDeploymentPostprocessing = 0;
		};
/* End PBXResourcesBuildPhase section */

/* Begin PBXSourcesBuildPhase section */
		5651C8D4EB212AAF1289051B /* Sources */ = {
			isa = PBXSourcesBuildPhase;
			buildActionMask = 2147483647;
			files = (
				28F7CE4DBCCC71143911A95A /* DecisionEngineTests.swift in Sources */,
				D175ED9EECBCC7580DC97AF6 /* DecisionLegacyProjectionTests.swift in Sources */,
				91D14A1C692B6E9E4B0C82B6 /* DecisionModelMigrationTests.swift in Sources */,
				B95111085629F410F286FF1C /* DecisionReadinessEngineTests.swift in Sources */,
				24D333F6A0D3E5152811EE3B /* FinalDecisionTests.swift in Sources */,
				2B393419291DCEEABA72A66F /* ListingImportTests.swift in Sources */,
				890C485099D1D82E26FE6039 /* QuickCaptureTests.swift in Sources */,
				FE095BD1C57D307CDFB91B6E /* RegionalTemplateTests.swift in Sources */,
				F4F37B62C921A6614671FD0F /* RentalDecisionScenarioTests.swift in Sources */,
				D5E6ADACA2D123880A007500 /* UnknownEngineTests.swift in Sources */,
				40F3C0EE30BB4986A9865231 /* VerificationTaskEngineTests.swift in Sources */,
				359C7DEC535A2BD6D50A3DCF /* WorkspaceTests.swift in Sources */,
			);
			runOnlyForDeploymentPostprocessing = 0;
		};
		5971D47364EA5534DE673A5A /* Sources */ = {
			isa = PBXSourcesBuildPhase;
			buildActionMask = 2147483647;
			files = (
				07EB2756C96CBEA63A698FEA /* ShareViewController.swift in Sources */,
			);
			runOnlyForDeploymentPostprocessing = 0;
		};
		85B1E044AFE7E8CB2359C863 /* Sources */ = {
			isa = PBXSourcesBuildPhase;
			buildActionMask = 2147483647;
			files = (
				9401A08EF0815F3B978150EE /* AppStore.swift in Sources */,
				28897A8C204092AEF19211F9 /* ComparisonView.swift in Sources */,
				04382F3AD864554DA8F206F2 /* ConditionsView.swift in Sources */,
				B53CC155C954409108A8A41E /* DecisionEngine.swift in Sources */,
				0D42FE0975D6D11AF7973736 /* DecisionLegacyProjection.swift in Sources */,
				02A4C48BAFB91BBDFCFBCCB6 /* DecisionModelMigration.swift in Sources */,
				EF9891E9A6FB9EBA05B62A52 /* DecisionModels.swift in Sources */,
				AE635B0A7B3D05487CA36C37 /* DecisionPersistence.swift in Sources */,
				3849523CB1C16FF0EBE6A0A7 /* DecisionReadinessEngine.swift in Sources */,
				8A1E42B74429B861482C51A9 /* Fixtures.swift in Sources */,
				5D0C8A3FC00174AC90B55016 /* ImportURLRouter.swift in Sources */,
				A308110931DF20018F342763 /* InspectionView.swift in Sources */,
				0585A7730A31129965AFAD01 /* ListingEditorView.swift in Sources */,
				E5678A88D5A146DA6B9B4222 /* ListingImageView.swift in Sources */,
				DC1CF77584986A204856C4DB /* ListingImport.swift in Sources */,
				53B2014439F9C1FC9E85B665 /* ListingImportView.swift in Sources */,
				55407D87473567DC71F82984 /* ListingInlineFieldsView.swift in Sources */,
				5D0F36AC72FA7DA76784A5C9 /* ListingsView.swift in Sources */,
				FEED2D82F3194A5607D40EA2 /* Models.swift in Sources */,
				BE8EEEE9B0BB7AD4734D99F3 /* QuickCaptureView.swift in Sources */,
				AD31980CD0EBAF2CE98B5F73 /* RegionalTemplate.swift in Sources */,
				045968097BC606FA337466ED /* RentalComparisonApp.swift in Sources */,
				25A2F25DC8B0B465709A5C13 /* ReportBuilder.swift in Sources */,
				644ACF2B02058C8EC9F299ED /* ResultView.swift in Sources */,
				A3E8488C77FB8F24F1196548 /* RootView.swift in Sources */,
				CF4CF8493A4740C2298C3E18 /* SettingsView.swift in Sources */,
				F48FBCCD696C53F3B7FA975A /* UnknownEngine.swift in Sources */,
				63280B7EA2835DCF8556DA61 /* VerificationTaskDetailView.swift in Sources */,
				4A76FD691ED11ECC8E3BDA36 /* VerificationTaskEngine.swift in Sources */,
				9BE975B93BC5869D27D52127 /* VerifyView.swift in Sources */,
				230B21124EB167131CB89481 /* WarmDesign.swift in Sources */,
			);
			runOnlyForDeploymentPostprocessing = 0;
		};
		AA8CA71DAB208EE3AA271539 /* Sources */ = {
			isa = PBXSourcesBuildPhase;
			buildActionMask = 2147483647;
			files = (
				F0BB5E3317E865FB70F969B3 /* RentalComparisonUITests.swift in Sources */,
			);
			runOnlyForDeploymentPostprocessing = 0;
		};
/* End PBXSourcesBuildPhase section */

/* Begin PBXTargetDependency section */
		AF681E8851A230B71325A258 /* PBXTargetDependency */ = {
			isa = PBXTargetDependency;
			target = C5B2A16BF88D02E60DB7BF76 /* Rental_Comparison */;
			targetProxy = 56CAD8AC2979B6137A214D90 /* PBXContainerItemProxy */;
		};
		DF7D008FCDFCAE271727E2CE /* PBXTargetDependency */ = {
			isa = PBXTargetDependency;
			target = 7E6838F0370F5E96BB341F41 /* Rental_ComparisonShareExtension */;
			targetProxy = 140776A5FA832B3DE7AF29A9 /* PBXContainerItemProxy */;
		};
		E53CFDB104C35F37D9451074 /* PBXTargetDependency */ = {
			isa = PBXTargetDependency;
			target = C5B2A16BF88D02E60DB7BF76 /* Rental_Comparison */;
			targetProxy = 0DF7BFD64481047E8A008192 /* PBXContainerItemProxy */;
		};
/* End PBXTargetDependency section */

/* Begin PBXVariantGroup section */
		E3AD3F5A62060C5D5AA69523 /* Localizable.strings */ = {
			isa = PBXVariantGroup;
			children = (
				D24CE7D32775747910208871 /* en */,
				C396420233CBCB9B83639E54 /* ja */,
				53A074F0ADB068C8D254EF53 /* zh-Hans */,
				B0E739F4D4773BA3E596A913 /* zh-Hant */,
			);
			name = Localizable.strings;
			sourceTree = "<group>";
		};
/* End PBXVariantGroup section */

/* Begin XCBuildConfiguration section */
		0773FB0D07F5036951047FA0 /* Release */ = {
			isa = XCBuildConfiguration;
			buildSettings = {
				DEVELOPMENT_TEAM = 45Q48VG3DF;
				GENERATE_INFOPLIST_FILE = NO;
				INFOPLIST_FILE = Rental_ComparisonShareExtension/Info.plist;
				LD_RUNPATH_SEARCH_PATHS = (
					"$(inherited)",
					"@executable_path/Frameworks",
					"@executable_path/../../Frameworks",
				);
				PRODUCT_BUNDLE_IDENTIFIER = com.geekest.RentalComparison.ShareExtension;
				PRODUCT_NAME = Rental_ComparisonShareExtension;
				SDKROOT = iphoneos;
				SKIP_INSTALL = YES;
				TARGETED_DEVICE_FAMILY = "1,2";
			};
			name = Release;
		};
		6C2E64D05F975C12A4904343 /* Debug */ = {
			isa = XCBuildConfiguration;
			buildSettings = {
				ALWAYS_SEARCH_USER_PATHS = NO;
				CLANG_ANALYZER_NONNULL = YES;
				CLANG_ANALYZER_NUMBER_OBJECT_CONVERSION = YES_AGGRESSIVE;
				CLANG_CXX_LANGUAGE_STANDARD = "gnu++14";
				CLANG_CXX_LIBRARY = "libc++";
				CLANG_ENABLE_MODULES = YES;
				CLANG_ENABLE_OBJC_ARC = YES;
				CLANG_ENABLE_OBJC_WEAK = YES;
				CLANG_WARN_BLOCK_CAPTURE_AUTORELEASING = YES;
				CLANG_WARN_BOOL_CONVERSION = YES;
				CLANG_WARN_COMMA = YES;
				CLANG_WARN_CONSTANT_CONVERSION = YES;
				CLANG_WARN_DEPRECATED_OBJC_IMPLEMENTATIONS = YES;
				CLANG_WARN_DIRECT_OBJC_ISA_USAGE = YES_ERROR;
				CLANG_WARN_DOCUMENTATION_COMMENTS = YES;
				CLANG_WARN_EMPTY_BODY = YES;
				CLANG_WARN_ENUM_CONVERSION = YES;
				CLANG_WARN_INFINITE_RECURSION = YES;
				CLANG_WARN_INT_CONVERSION = YES;
				CLANG_WARN_NON_LITERAL_NULL_CONVERSION = YES;
				CLANG_WARN_OBJC_IMPLICIT_RETAIN_SELF = YES;
				CLANG_WARN_OBJC_LITERAL_CONVERSION = YES;
				CLANG_WARN_OBJC_ROOT_CLASS = YES_ERROR;
				CLANG_WARN_QUOTED_INCLUDE_IN_FRAMEWORK_HEADER = YES;
				CLANG_WARN_RANGE_LOOP_ANALYSIS = YES;
				CLANG_WARN_STRICT_PROTOTYPES = YES;
				CLANG_WARN_SUSPICIOUS_MOVE = YES;
				CLANG_WARN_UNGUARDED_AVAILABILITY = YES_AGGRESSIVE;
				CLANG_WARN_UNREACHABLE_CODE = YES;
				CLANG_WARN__DUPLICATE_METHOD_MATCH = YES;
				COPY_PHASE_STRIP = NO;
				CURRENT_PROJECT_VERSION = 1;
				DEBUG_INFORMATION_FORMAT = dwarf;
				ENABLE_STRICT_OBJC_MSGSEND = YES;
				ENABLE_TESTABILITY = YES;
				GCC_C_LANGUAGE_STANDARD = gnu11;
				GCC_DYNAMIC_NO_PIC = NO;
				GCC_NO_COMMON_BLOCKS = YES;
				GCC_OPTIMIZATION_LEVEL = 0;
				GCC_PREPROCESSOR_DEFINITIONS = (
					"$(inherited)",
					"DEBUG=1",
				);
				GCC_WARN_64_TO_32_BIT_CONVERSION = YES;
				GCC_WARN_ABOUT_RETURN_TYPE = YES_ERROR;
				GCC_WARN_UNDECLARED_SELECTOR = YES;
				GCC_WARN_UNINITIALIZED_AUTOS = YES_AGGRESSIVE;
				GCC_WARN_UNUSED_FUNCTION = YES;
				GCC_WARN_UNUSED_VARIABLE = YES;
				IPHONEOS_DEPLOYMENT_TARGET = 17.0;
				MARKETING_VERSION = 1.0;
				MTL_ENABLE_DEBUG_INFO = INCLUDE_SOURCE;
				MTL_FAST_MATH = YES;
				ONLY_ACTIVE_ARCH = YES;
				PRODUCT_NAME = "$(TARGET_NAME)";
				SDKROOT = iphoneos;
				SWIFT_ACTIVE_COMPILATION_CONDITIONS = DEBUG;
				SWIFT_OPTIMIZATION_LEVEL = "-Onone";
				SWIFT_VERSION = 5.10;
			};
			name = Debug;
		};
		7EB451A633CABA7E33729FDC /* Debug */ = {
			isa = XCBuildConfiguration;
			buildSettings = {
				ASSETCATALOG_COMPILER_APPICON_NAME = AppIcon;
				CODE_SIGNING_STYLE = Automatic;
				CODE_SIGN_IDENTITY = "iPhone Developer";
				DEVELOPMENT_TEAM = 45Q48VG3DF;
				GENERATE_INFOPLIST_FILE = NO;
				INFOPLIST_FILE = Rental_Comparison/Info.plist;
				INFOPLIST_KEY_CFBundleDisplayName = "租房对比";
				INFOPLIST_KEY_LSApplicationCategoryType = "public.app-category.lifestyle";
				INFOPLIST_KEY_UIApplicationSceneManifest_Generation = YES;
				INFOPLIST_KEY_UIApplicationSupportsIndirectInputEvents = YES;
				INFOPLIST_KEY_UILaunchScreen_Generation = YES;
				INFOPLIST_KEY_UISupportedInterfaceOrientations_iPhone = UIInterfaceOrientationPortrait;
				LD_RUNPATH_SEARCH_PATHS = (
					"$(inherited)",
					"@executable_path/Frameworks",
				);
				PRODUCT_BUNDLE_IDENTIFIER = com.geekest.RentalComparison;
				PRODUCT_NAME = Rental_Comparison;
				SDKROOT = iphoneos;
				TARGETED_DEVICE_FAMILY = 1;
			};
			name = Debug;
		};
		8CF7BB7944921792A85C02EF /* Release */ = {
			isa = XCBuildConfiguration;
			buildSettings = {
				ASSETCATALOG_COMPILER_APPICON_NAME = AppIcon;
				CODE_SIGNING_STYLE = Automatic;
				CODE_SIGN_IDENTITY = "iPhone Developer";
				DEVELOPMENT_TEAM = 45Q48VG3DF;
				GENERATE_INFOPLIST_FILE = NO;
				INFOPLIST_FILE = Rental_Comparison/Info.plist;
				INFOPLIST_KEY_CFBundleDisplayName = "租房对比";
				INFOPLIST_KEY_LSApplicationCategoryType = "public.app-category.lifestyle";
				INFOPLIST_KEY_UIApplicationSceneManifest_Generation = YES;
				INFOPLIST_KEY_UIApplicationSupportsIndirectInputEvents = YES;
				INFOPLIST_KEY_UILaunchScreen_Generation = YES;
				INFOPLIST_KEY_UISupportedInterfaceOrientations_iPhone = UIInterfaceOrientationPortrait;
				LD_RUNPATH_SEARCH_PATHS = (
					"$(inherited)",
					"@executable_path/Frameworks",
				);
				PRODUCT_BUNDLE_IDENTIFIER = com.geekest.RentalComparison;
				PRODUCT_NAME = Rental_Comparison;
				SDKROOT = iphoneos;
				TARGETED_DEVICE_FAMILY = 1;
			};
			name = Release;
		};
		98C6C57788DD22F894D8E7BD /* Release */ = {
			isa = XCBuildConfiguration;
			buildSettings = {
				ALWAYS_SEARCH_USER_PATHS = NO;
				CLANG_ANALYZER_NONNULL = YES;
				CLANG_ANALYZER_NUMBER_OBJECT_CONVERSION = YES_AGGRESSIVE;
				CLANG_CXX_LANGUAGE_STANDARD = "gnu++14";
				CLANG_CXX_LIBRARY = "libc++";
				CLANG_ENABLE_MODULES = YES;
				CLANG_ENABLE_OBJC_ARC = YES;
				CLANG_ENABLE_OBJC_WEAK = YES;
				CLANG_WARN_BLOCK_CAPTURE_AUTORELEASING = YES;
				CLANG_WARN_BOOL_CONVERSION = YES;
				CLANG_WARN_COMMA = YES;
				CLANG_WARN_CONSTANT_CONVERSION = YES;
				CLANG_WARN_DEPRECATED_OBJC_IMPLEMENTATIONS = YES;
				CLANG_WARN_DIRECT_OBJC_ISA_USAGE = YES_ERROR;
				CLANG_WARN_DOCUMENTATION_COMMENTS = YES;
				CLANG_WARN_EMPTY_BODY = YES;
				CLANG_WARN_ENUM_CONVERSION = YES;
				CLANG_WARN_INFINITE_RECURSION = YES;
				CLANG_WARN_INT_CONVERSION = YES;
				CLANG_WARN_NON_LITERAL_NULL_CONVERSION = YES;
				CLANG_WARN_OBJC_IMPLICIT_RETAIN_SELF = YES;
				CLANG_WARN_OBJC_LITERAL_CONVERSION = YES;
				CLANG_WARN_OBJC_ROOT_CLASS = YES_ERROR;
				CLANG_WARN_QUOTED_INCLUDE_IN_FRAMEWORK_HEADER = YES;
				CLANG_WARN_RANGE_LOOP_ANALYSIS = YES;
				CLANG_WARN_STRICT_PROTOTYPES = YES;
				CLANG_WARN_SUSPICIOUS_MOVE = YES;
				CLANG_WARN_UNGUARDED_AVAILABILITY = YES_AGGRESSIVE;
				CLANG_WARN_UNREACHABLE_CODE = YES;
				CLANG_WARN__DUPLICATE_METHOD_MATCH = YES;
				COPY_PHASE_STRIP = NO;
				CURRENT_PROJECT_VERSION = 1;
				DEBUG_INFORMATION_FORMAT = "dwarf-with-dsym";
				ENABLE_NS_ASSERTIONS = NO;
				ENABLE_STRICT_OBJC_MSGSEND = YES;
				GCC_C_LANGUAGE_STANDARD = gnu11;
				GCC_NO_COMMON_BLOCKS = YES;
				GCC_WARN_64_TO_32_BIT_CONVERSION = YES;
				GCC_WARN_ABOUT_RETURN_TYPE = YES_ERROR;
				GCC_WARN_UNDECLARED_SELECTOR = YES;
				GCC_WARN_UNINITIALIZED_AUTOS = YES_AGGRESSIVE;
				GCC_WARN_UNUSED_FUNCTION = YES;
				GCC_WARN_UNUSED_VARIABLE = YES;
				IPHONEOS_DEPLOYMENT_TARGET = 17.0;
				MARKETING_VERSION = 1.0;
				MTL_ENABLE_DEBUG_INFO = NO;
				MTL_FAST_MATH = YES;
				PRODUCT_NAME = "$(TARGET_NAME)";
				SDKROOT = iphoneos;
				SWIFT_COMPILATION_MODE = wholemodule;
				SWIFT_OPTIMIZATION_LEVEL = "-O";
				SWIFT_VERSION = 5.10;
			};
			name = Release;
		};
		B97FE48BFC906767639153E0 /* Release */ = {
			isa = XCBuildConfiguration;
			buildSettings = {
				BUNDLE_LOADER = "$(TEST_HOST)";
				DEVELOPMENT_TEAM = 45Q48VG3DF;
				GENERATE_INFOPLIST_FILE = YES;
				LD_RUNPATH_SEARCH_PATHS = (
					"$(inherited)",
					"@executable_path/Frameworks",
					"@loader_path/Frameworks",
				);
				PRODUCT_BUNDLE_IDENTIFIER = com.geekest.RentalComparisonTests;
				SDKROOT = iphoneos;
				TARGETED_DEVICE_FAMILY = "1,2";
				TEST_HOST = "$(BUILT_PRODUCTS_DIR)/Rental_Comparison.app/Rental_Comparison";
			};
			name = Release;
		};
		C37DEBB6B1ED8BC1568A8BAB /* Debug */ = {
			isa = XCBuildConfiguration;
			buildSettings = {
				BUNDLE_LOADER = "$(TEST_HOST)";
				DEVELOPMENT_TEAM = 45Q48VG3DF;
				GENERATE_INFOPLIST_FILE = YES;
				LD_RUNPATH_SEARCH_PATHS = (
					"$(inherited)",
					"@executable_path/Frameworks",
					"@loader_path/Frameworks",
				);
				PRODUCT_BUNDLE_IDENTIFIER = com.geekest.RentalComparisonUITests;
				SDKROOT = iphoneos;
				TARGETED_DEVICE_FAMILY = "1,2";
				TEST_TARGET_NAME = Rental_Comparison;
			};
			name = Debug;
		};
		D2975EECA497DDAB71121BFD /* Release */ = {
			isa = XCBuildConfiguration;
			buildSettings = {
				BUNDLE_LOADER = "$(TEST_HOST)";
				DEVELOPMENT_TEAM = 45Q48VG3DF;
				GENERATE_INFOPLIST_FILE = YES;
				LD_RUNPATH_SEARCH_PATHS = (
					"$(inherited)",
					"@executable_path/Frameworks",
					"@loader_path/Frameworks",
				);
				PRODUCT_BUNDLE_IDENTIFIER = com.geekest.RentalComparisonUITests;
				SDKROOT = iphoneos;
				TARGETED_DEVICE_FAMILY = "1,2";
				TEST_TARGET_NAME = Rental_Comparison;
			};
			name = Release;
		};
		D3F009CB3686279F13BAF0AC /* Debug */ = {
			isa = XCBuildConfiguration;
			buildSettings = {
				BUNDLE_LOADER = "$(TEST_HOST)";
				DEVELOPMENT_TEAM = 45Q48VG3DF;
				GENERATE_INFOPLIST_FILE = YES;
				LD_RUNPATH_SEARCH_PATHS = (
					"$(inherited)",
					"@executable_path/Frameworks",
					"@loader_path/Frameworks",
				);
				PRODUCT_BUNDLE_IDENTIFIER = com.geekest.RentalComparisonTests;
				SDKROOT = iphoneos;
				TARGETED_DEVICE_FAMILY = "1,2";
				TEST_HOST = "$(BUILT_PRODUCTS_DIR)/Rental_Comparison.app/Rental_Comparison";
			};
			name = Debug;
		};
		E831EE1D1D83ECEBD30F029A /* Debug */ = {
			isa = XCBuildConfiguration;
			buildSettings = {
				DEVELOPMENT_TEAM = 45Q48VG3DF;
				GENERATE_INFOPLIST_FILE = NO;
				INFOPLIST_FILE = Rental_ComparisonShareExtension/Info.plist;
				LD_RUNPATH_SEARCH_PATHS = (
					"$(inherited)",
					"@executable_path/Frameworks",
					"@executable_path/../../Frameworks",
				);
				PRODUCT_BUNDLE_IDENTIFIER = com.geekest.RentalComparison.ShareExtension;
				PRODUCT_NAME = Rental_ComparisonShareExtension;
				SDKROOT = iphoneos;
				SKIP_INSTALL = YES;
				TARGETED_DEVICE_FAMILY = "1,2";
			};
			name = Debug;
		};
/* End XCBuildConfiguration section */

/* Begin XCConfigurationList section */
		555EA83D8F34A3948A3FA942 /* Build configuration list for PBXNativeTarget "Rental_ComparisonShareExtension" */ = {
			isa = XCConfigurationList;
			buildConfigurations = (
				E831EE1D1D83ECEBD30F029A /* Debug */,
				0773FB0D07F5036951047FA0 /* Release */,
			);
			defaultConfigurationIsVisible = 0;
			defaultConfigurationName = Debug;
		};
		664A7E8005C1D95DCA66EB82 /* Build configuration list for PBXProject "Rental_Comparison" */ = {
			isa = XCConfigurationList;
			buildConfigurations = (
				6C2E64D05F975C12A4904343 /* Debug */,
				98C6C57788DD22F894D8E7BD /* Release */,
			);
			defaultConfigurationIsVisible = 0;
			defaultConfigurationName = Debug;
		};
		9C32FA02E32F0940FA1BA0EC /* Build configuration list for PBXNativeTarget "Rental_ComparisonUITests" */ = {
			isa = XCConfigurationList;
			buildConfigurations = (
				C37DEBB6B1ED8BC1568A8BAB /* Debug */,
				D2975EECA497DDAB71121BFD /* Release */,
			);
			defaultConfigurationIsVisible = 0;
			defaultConfigurationName = Debug;
		};
		C2983C4F8FD678860C31BA4B /* Build configuration list for PBXNativeTarget "Rental_ComparisonTests" */ = {
			isa = XCConfigurationList;
			buildConfigurations = (
				D3F009CB3686279F13BAF0AC /* Debug */,
				B97FE48BFC906767639153E0 /* Release */,
			);
			defaultConfigurationIsVisible = 0;
			defaultConfigurationName = Debug;
		};
		E674A0763154896D8DB6A3AD /* Build configuration list for PBXNativeTarget "Rental_Comparison" */ = {
			isa = XCConfigurationList;
			buildConfigurations = (
				7EB451A633CABA7E33729FDC /* Debug */,
				8CF7BB7944921792A85C02EF /* Release */,
			);
			defaultConfigurationIsVisible = 0;
			defaultConfigurationName = Debug;
		};
/* End XCConfigurationList section */
	};
	rootObject = 34E0A453FB3BF645F7561241 /* Project object */;
}
